
Microsoft Visual Studio Solution File, Format Version 12.00
# Visual Studio Version 16
VisualStudioVersion = 16.0.29424.173
MinimumVisualStudioVersion = 10.0.40219.1
Project("{2150E333-8FDC-42A3-9474-1A3956D46DE8}") = "Modules", "Modules", "{5F987959-0CCB-4ADA-8A39-3C515DF67C4D}"
EndProject
Project("{2150E333-8FDC-42A3-9474-1A3956D46DE8}") = "Application", "Application", "{7512D411-5A58-4F35-A02F-FF13B3B07B3F}"
EndProject
Project("{2150E333-8FDC-42A3-9474-1A3956D46DE8}") = "Tests", "Tests", "{6EC84FD1-E1D2-4568-82E8-E0454974B8C5}"
EndProject
Project("{9A19103F-16F7-4668-BE54-9A1E7A4F7556}") = "CoreTemplate.Application.WorkerService", "Application\CoreTemplate.Application.WorkerService\CoreTemplate.Application.WorkerService.csproj", "{5A3B72F3-BEE6-4443-A19E-0FE7703460F6}"
EndProject
Project("{9A19103F-16F7-4668-BE54-9A1E7A4F7556}") = "ModuleCommon", "Modules\ModuleCommon\ModuleCommon.csproj", "{BECEF06D-57EC-4C6F-9924-04ABEBECAA46}"
EndProject
Project("{9A19103F-16F7-4668-BE54-9A1E7A4F7556}") = "ModuleAccount", "Modules\ModuleAccount\ModuleAccount.csproj", "{5DE21D65-11CF-4CEB-B45F-535AA582F920}"
EndProject
Project("{9A19103F-16F7-4668-BE54-9A1E7A4F7556}") = "CoreTemplate.Tests.General", "Tests\CoreTemplate.Tests.General\CoreTemplate.Tests.General.csproj", "{9EBEC850-9EEB-4FEC-A612-A9E2E276CEE5}"
EndProject
Project("{9A19103F-16F7-4668-BE54-9A1E7A4F7556}") = "CoreTemplate.Application.API", "Application\CoreTemplate.Application.API\CoreTemplate.Application.API.csproj", "{825254F4-4CBB-4B1F-9E5F-877610CF4612}"
EndProject
Project("{9A19103F-16F7-4668-BE54-9A1E7A4F7556}") = "ModuleAccount.ApiBase", "Modules\ModuleAccount.ApiBase\ModuleAccount.ApiBase.csproj", "{DD348B03-71BB-4BC2-A6A1-899325AECB91}"
EndProject
Project("{9A19103F-16F7-4668-BE54-9A1E7A4F7556}") = "ModuleCommon.ApiBase", "Modules\ModuleCommon.ApiBase\ModuleCommon.ApiBase.csproj", "{431B25C6-F860-4478-B2F9-F31856C3C2AC}"
EndProject
Project("{9A19103F-16F7-4668-BE54-9A1E7A4F7556}") = "ModuleTemplate", "Modules\ModuleTemplate\ModuleTemplate.csproj", "{0D68BCEF-45A9-4618-9A99-2B8E9954597C}"
EndProject
Project("{9A19103F-16F7-4668-BE54-9A1E7A4F7556}") = "ModuleTemplate.ApiBase", "Modules\ModuleTemplate.ApiBase\ModuleTemplate.ApiBase.csproj", "{C5B04138-C863-415D-B727-3CAE3EEEB58E}"
EndProject
Project("{2150E333-8FDC-42A3-9474-1A3956D46DE8}") = "Account", "Account", "{6865F2A8-FCB6-4A0E-9FC4-17DC6FA1CE16}"
EndProject
Project("{2150E333-8FDC-42A3-9474-1A3956D46DE8}") = "Common", "Common", "{5F5C1364-B267-4175-96E1-82E1CA5D0E2A}"
EndProject
Project("{2150E333-8FDC-42A3-9474-1A3956D46DE8}") = "Template", "Template", "{9ED2B795-C0D2-4257-9939-0CE5001781BF}"
EndProject
Project("{9A19103F-16F7-4668-BE54-9A1E7A4F7556}") = "ModuleAccount.API", "Modules\ModuleAccount.API\ModuleAccount.API.csproj", "{66A3C6C9-4771-4DC3-B74E-35769343039B}"
EndProject
Project("{9A19103F-16F7-4668-BE54-9A1E7A4F7556}") = "ModuleCommon.API", "Modules\ModuleCommon.API\ModuleCommon.API.csproj", "{F2615685-C541-4D0C-B44D-939677E2EBDC}"
EndProject
Project("{9A19103F-16F7-4668-BE54-9A1E7A4F7556}") = "ModuleTemplate.API", "Modules\ModuleTemplate.API\ModuleTemplate.API.csproj", "{FEA100E0-D1F1-4228-ACE2-052550B7207A}"
EndProject
Project("{2150E333-8FDC-42A3-9474-1A3956D46DE8}") = "Admin", "Admin", "{B9323313-0353-49F6-B2C6-9FF110CE676B}"
EndProject
Project("{9A19103F-16F7-4668-BE54-9A1E7A4F7556}") = "ModuleAdmin", "Modules\ModuleAdmin\ModuleAdmin.csproj", "{CA372DD0-7A8F-4E58-BCB8-B600A4F25930}"
EndProject
Project("{9A19103F-16F7-4668-BE54-9A1E7A4F7556}") = "ModuleAdmin.ApiBase", "Modules\ModuleAdmin.ApiBase\ModuleAdmin.ApiBase.csproj", "{A9B30F87-7594-4854-A8D2-07877D140FBA}"
EndProject
Project("{9A19103F-16F7-4668-BE54-9A1E7A4F7556}") = "ModuleAdmin.API", "Modules\ModuleAdmin.API\ModuleAdmin.API.csproj", "{61495670-6053-49D8-802D-6060C23B5AC7}"
EndProject
Project("{9A19103F-16F7-4668-BE54-9A1E7A4F7556}") = "CoreTemplate.Application.OcelotApiGateway", "Application\CoreTemplate.Application.OcelotApiGateway\CoreTemplate.Application.OcelotApiGateway.csproj", "{B122F6AA-C40A-47AA-AEB7-397DB8C95269}"
EndProject
Project("{2150E333-8FDC-42A3-9474-1A3956D46DE8}") = "_Extensions", "_Extensions", "{1EA94054-A97A-4E34-A7E1-91763208BF7E}"
EndProject
Project("{FAE04EC0-301F-11D3-BF4B-00C04F79EFBC}") = "CoreTemplateExtensionLibrary", "_Extensions\CoreTemplateExtensionLibrary\CoreTemplateExtensionLibrary.csproj", "{0FE19488-C0F4-4441-9F85-C31F8A793A46}"
EndProject
Project("{FAE04EC0-301F-11D3-BF4B-00C04F79EFBC}") = "CoreTemplateInstaller", "_Extensions\CoreTemplateInstaller\CoreTemplateInstaller.csproj", "{910FFB82-2856-4547-AF60-27B172E9437C}"
EndProject
Project("{E53339B2-1760-4266-BCC7-CA923CBCF16C}") = "docker-compose", "docker-compose.dcproj", "{EB75E999-C784-4D54-8699-6CEAD99170F1}"
EndProject
Project("{2150E333-8FDC-42A3-9474-1A3956D46DE8}") = "Test", "Test", "{38B2D8C8-A5FC-4C3C-BA57-7E1E8742F965}"
EndProject
Project("{9A19103F-16F7-4668-BE54-9A1E7A4F7556}") = "ModuleTest", "Modules\ModuleTest\ModuleTest.csproj", "{A239C707-1EB8-403C-BDAF-164A15A22D90}"
EndProject
Project("{9A19103F-16F7-4668-BE54-9A1E7A4F7556}") = "ModuleTest.ApiBase", "Modules\ModuleTest.ApiBase\ModuleTest.ApiBase.csproj", "{98280E3A-851D-4204-BFA2-6FBCD9EC7D99}"
EndProject
Project("{9A19103F-16F7-4668-BE54-9A1E7A4F7556}") = "ModuleTest.API", "Modules\ModuleTest.API\ModuleTest.API.csproj", "{C59B967B-A86C-4FFE-AB32-C2FDF53004E5}"
EndProject
Global
	GlobalSection(SolutionConfigurationPlatforms) = preSolution
		Debug|Any CPU = Debug|Any CPU
		Release|Any CPU = Release|Any CPU
	EndGlobalSection
	GlobalSection(ProjectConfigurationPlatforms) = postSolution
		{5A3B72F3-BEE6-4443-A19E-0FE7703460F6}.Debug|Any CPU.ActiveCfg = Debug|Any CPU
		{5A3B72F3-BEE6-4443-A19E-0FE7703460F6}.Debug|Any CPU.Build.0 = Debug|Any CPU
		{5A3B72F3-BEE6-4443-A19E-0FE7703460F6}.Release|Any CPU.ActiveCfg = Release|Any CPU
		{5A3B72F3-BEE6-4443-A19E-0FE7703460F6}.Release|Any CPU.Build.0 = Release|Any CPU
		{BECEF06D-57EC-4C6F-9924-04ABEBECAA46}.Debug|Any CPU.ActiveCfg = Debug|Any CPU
		{BECEF06D-57EC-4C6F-9924-04ABEBECAA46}.Debug|Any CPU.Build.0 = Debug|Any CPU
		{BECEF06D-57EC-4C6F-9924-04ABEBECAA46}.Release|Any CPU.ActiveCfg = Release|Any CPU
		{BECEF06D-57EC-4C6F-9924-04ABEBECAA46}.Release|Any CPU.Build.0 = Release|Any CPU
		{5DE21D65-11CF-4CEB-B45F-535AA582F920}.Debug|Any CPU.ActiveCfg = Debug|Any CPU
		{5DE21D65-11CF-4CEB-B45F-535AA582F920}.Debug|Any CPU.Build.0 = Debug|Any CPU
		{5DE21D65-11CF-4CEB-B45F-535AA582F920}.Release|Any CPU.ActiveCfg = Release|Any CPU
		{5DE21D65-11CF-4CEB-B45F-535AA582F920}.Release|Any CPU.Build.0 = Release|Any CPU
		{9EBEC850-9EEB-4FEC-A612-A9E2E276CEE5}.Debug|Any CPU.ActiveCfg = Debug|Any CPU
		{9EBEC850-9EEB-4FEC-A612-A9E2E276CEE5}.Debug|Any CPU.Build.0 = Debug|Any CPU
		{9EBEC850-9EEB-4FEC-A612-A9E2E276CEE5}.Release|Any CPU.ActiveCfg = Release|Any CPU
		{9EBEC850-9EEB-4FEC-A612-A9E2E276CEE5}.Release|Any CPU.Build.0 = Release|Any CPU
		{825254F4-4CBB-4B1F-9E5F-877610CF4612}.Debug|Any CPU.ActiveCfg = Debug|Any CPU
		{825254F4-4CBB-4B1F-9E5F-877610CF4612}.Debug|Any CPU.Build.0 = Debug|Any CPU
		{825254F4-4CBB-4B1F-9E5F-877610CF4612}.Release|Any CPU.ActiveCfg = Release|Any CPU
		{825254F4-4CBB-4B1F-9E5F-877610CF4612}.Release|Any CPU.Build.0 = Release|Any CPU
		{DD348B03-71BB-4BC2-A6A1-899325AECB91}.Debug|Any CPU.ActiveCfg = Debug|Any CPU
		{DD348B03-71BB-4BC2-A6A1-899325AECB91}.Debug|Any CPU.Build.0 = Debug|Any CPU
		{DD348B03-71BB-4BC2-A6A1-899325AECB91}.Release|Any CPU.ActiveCfg = Release|Any CPU
		{DD348B03-71BB-4BC2-A6A1-899325AECB91}.Release|Any CPU.Build.0 = Release|Any CPU
		{431B25C6-F860-4478-B2F9-F31856C3C2AC}.Debug|Any CPU.ActiveCfg = Debug|Any CPU
		{431B25C6-F860-4478-B2F9-F31856C3C2AC}.Debug|Any CPU.Build.0 = Debug|Any CPU
		{431B25C6-F860-4478-B2F9-F31856C3C2AC}.Release|Any CPU.ActiveCfg = Release|Any CPU
		{431B25C6-F860-4478-B2F9-F31856C3C2AC}.Release|Any CPU.Build.0 = Release|Any CPU
		{0D68BCEF-45A9-4618-9A99-2B8E9954597C}.Debug|Any CPU.ActiveCfg = Debug|Any CPU
		{0D68BCEF-45A9-4618-9A99-2B8E9954597C}.Debug|Any CPU.Build.0 = Debug|Any CPU
		{0D68BCEF-45A9-4618-9A99-2B8E9954597C}.Release|Any CPU.ActiveCfg = Release|Any CPU
		{0D68BCEF-45A9-4618-9A99-2B8E9954597C}.Release|Any CPU.Build.0 = Release|Any CPU
		{C5B04138-C863-415D-B727-3CAE3EEEB58E}.Debug|Any CPU.ActiveCfg = Debug|Any CPU
		{C5B04138-C863-415D-B727-3CAE3EEEB58E}.Debug|Any CPU.Build.0 = Debug|Any CPU
		{C5B04138-C863-415D-B727-3CAE3EEEB58E}.Release|Any CPU.ActiveCfg = Release|Any CPU
		{C5B04138-C863-415D-B727-3CAE3EEEB58E}.Release|Any CPU.Build.0 = Release|Any CPU
		{66A3C6C9-4771-4DC3-B74E-35769343039B}.Debug|Any CPU.ActiveCfg = Debug|Any CPU
		{66A3C6C9-4771-4DC3-B74E-35769343039B}.Debug|Any CPU.Build.0 = Debug|Any CPU
		{66A3C6C9-4771-4DC3-B74E-35769343039B}.Release|Any CPU.ActiveCfg = Release|Any CPU
		{66A3C6C9-4771-4DC3-B74E-35769343039B}.Release|Any CPU.Build.0 = Release|Any CPU
		{F2615685-C541-4D0C-B44D-939677E2EBDC}.Debug|Any CPU.ActiveCfg = Debug|Any CPU
		{F2615685-C541-4D0C-B44D-939677E2EBDC}.Debug|Any CPU.Build.0 = Debug|Any CPU
		{F2615685-C541-4D0C-B44D-939677E2EBDC}.Release|Any CPU.ActiveCfg = Release|Any CPU
		{F2615685-C541-4D0C-B44D-939677E2EBDC}.Release|Any CPU.Build.0 = Release|Any CPU
		{FEA100E0-D1F1-4228-ACE2-052550B7207A}.Debug|Any CPU.ActiveCfg = Debug|Any CPU
		{FEA100E0-D1F1-4228-ACE2-052550B7207A}.Debug|Any CPU.Build.0 = Debug|Any CPU
		{FEA100E0-D1F1-4228-ACE2-052550B7207A}.Release|Any CPU.ActiveCfg = Release|Any CPU
		{FEA100E0-D1F1-4228-ACE2-052550B7207A}.Release|Any CPU.Build.0 = Release|Any CPU
		{CA372DD0-7A8F-4E58-BCB8-B600A4F25930}.Debug|Any CPU.ActiveCfg = Debug|Any CPU
		{CA372DD0-7A8F-4E58-BCB8-B600A4F25930}.Debug|Any CPU.Build.0 = Debug|Any CPU
		{CA372DD0-7A8F-4E58-BCB8-B600A4F25930}.Release|Any CPU.ActiveCfg = Release|Any CPU
		{CA372DD0-7A8F-4E58-BCB8-B600A4F25930}.Release|Any CPU.Build.0 = Release|Any CPU
		{A9B30F87-7594-4854-A8D2-07877D140FBA}.Debug|Any CPU.ActiveCfg = Debug|Any CPU
		{A9B30F87-7594-4854-A8D2-07877D140FBA}.Debug|Any CPU.Build.0 = Debug|Any CPU
		{A9B30F87-7594-4854-A8D2-07877D140FBA}.Release|Any CPU.ActiveCfg = Release|Any CPU
		{A9B30F87-7594-4854-A8D2-07877D140FBA}.Release|Any CPU.Build.0 = Release|Any CPU
		{61495670-6053-49D8-802D-6060C23B5AC7}.Debug|Any CPU.ActiveCfg = Debug|Any CPU
		{61495670-6053-49D8-802D-6060C23B5AC7}.Debug|Any CPU.Build.0 = Debug|Any CPU
		{61495670-6053-49D8-802D-6060C23B5AC7}.Release|Any CPU.ActiveCfg = Release|Any CPU
		{61495670-6053-49D8-802D-6060C23B5AC7}.Release|Any CPU.Build.0 = Release|Any CPU
		{B122F6AA-C40A-47AA-AEB7-397DB8C95269}.Debug|Any CPU.ActiveCfg = Debug|Any CPU
		{B122F6AA-C40A-47AA-AEB7-397DB8C95269}.Debug|Any CPU.Build.0 = Debug|Any CPU
		{B122F6AA-C40A-47AA-AEB7-397DB8C95269}.Release|Any CPU.ActiveCfg = Release|Any CPU
		{B122F6AA-C40A-47AA-AEB7-397DB8C95269}.Release|Any CPU.Build.0 = Release|Any CPU
		{0FE19488-C0F4-4441-9F85-C31F8A793A46}.Debug|Any CPU.ActiveCfg = Debug|Any CPU
		{0FE19488-C0F4-4441-9F85-C31F8A793A46}.Debug|Any CPU.Build.0 = Debug|Any CPU
		{0FE19488-C0F4-4441-9F85-C31F8A793A46}.Release|Any CPU.ActiveCfg = Release|Any CPU
		{0FE19488-C0F4-4441-9F85-C31F8A793A46}.Release|Any CPU.Build.0 = Release|Any CPU
		{910FFB82-2856-4547-AF60-27B172E9437C}.Debug|Any CPU.ActiveCfg = Debug|Any CPU
		{910FFB82-2856-4547-AF60-27B172E9437C}.Debug|Any CPU.Build.0 = Debug|Any CPU
		{910FFB82-2856-4547-AF60-27B172E9437C}.Release|Any CPU.ActiveCfg = Release|Any CPU
		{910FFB82-2856-4547-AF60-27B172E9437C}.Release|Any CPU.Build.0 = Release|Any CPU
		{EB75E999-C784-4D54-8699-6CEAD99170F1}.Debug|Any CPU.ActiveCfg = Debug|Any CPU
		{EB75E999-C784-4D54-8699-6CEAD99170F1}.Debug|Any CPU.Build.0 = Debug|Any CPU
		{EB75E999-C784-4D54-8699-6CEAD99170F1}.Release|Any CPU.ActiveCfg = Release|Any CPU
		{EB75E999-C784-4D54-8699-6CEAD99170F1}.Release|Any CPU.Build.0 = Release|Any CPU
		{A239C707-1EB8-403C-BDAF-164A15A22D90}.Debug|Any CPU.ActiveCfg = Debug|Any CPU
		{A239C707-1EB8-403C-BDAF-164A15A22D90}.Debug|Any CPU.Build.0 = Debug|Any CPU
		{A239C707-1EB8-403C-BDAF-164A15A22D90}.Release|Any CPU.ActiveCfg = Release|Any CPU
		{A239C707-1EB8-403C-BDAF-164A15A22D90}.Release|Any CPU.Build.0 = Release|Any CPU
		{98280E3A-851D-4204-BFA2-6FBCD9EC7D99}.Debug|Any CPU.ActiveCfg = Debug|Any CPU
		{98280E3A-851D-4204-BFA2-6FBCD9EC7D99}.Debug|Any CPU.Build.0 = Debug|Any CPU
		{98280E3A-851D-4204-BFA2-6FBCD9EC7D99}.Release|Any CPU.ActiveCfg = Release|Any CPU
		{98280E3A-851D-4204-BFA2-6FBCD9EC7D99}.Release|Any CPU.Build.0 = Release|Any CPU
		{C59B967B-A86C-4FFE-AB32-C2FDF53004E5}.Debug|Any CPU.ActiveCfg = Debug|Any CPU
		{C59B967B-A86C-4FFE-AB32-C2FDF53004E5}.Debug|Any CPU.Build.0 = Debug|Any CPU
		{C59B967B-A86C-4FFE-AB32-C2FDF53004E5}.Release|Any CPU.ActiveCfg = Release|Any CPU
		{C59B967B-A86C-4FFE-AB32-C2FDF53004E5}.Release|Any CPU.Build.0 = Release|Any CPU
	EndGlobalSection
	GlobalSection(SolutionProperties) = preSolution
		HideSolutionNode = FALSE
	EndGlobalSection
	GlobalSection(NestedProjects) = preSolution
		{5A3B72F3-BEE6-4443-A19E-0FE7703460F6} = {7512D411-5A58-4F35-A02F-FF13B3B07B3F}
		{BECEF06D-57EC-4C6F-9924-04ABEBECAA46} = {5F5C1364-B267-4175-96E1-82E1CA5D0E2A}
		{5DE21D65-11CF-4CEB-B45F-535AA582F920} = {6865F2A8-FCB6-4A0E-9FC4-17DC6FA1CE16}
		{9EBEC850-9EEB-4FEC-A612-A9E2E276CEE5} = {6EC84FD1-E1D2-4568-82E8-E0454974B8C5}
		{825254F4-4CBB-4B1F-9E5F-877610CF4612} = {7512D411-5A58-4F35-A02F-FF13B3B07B3F}
		{DD348B03-71BB-4BC2-A6A1-899325AECB91} = {6865F2A8-FCB6-4A0E-9FC4-17DC6FA1CE16}
		{431B25C6-F860-4478-B2F9-F31856C3C2AC} = {5F5C1364-B267-4175-96E1-82E1CA5D0E2A}
		{0D68BCEF-45A9-4618-9A99-2B8E9954597C} = {9ED2B795-C0D2-4257-9939-0CE5001781BF}
		{C5B04138-C863-415D-B727-3CAE3EEEB58E} = {9ED2B795-C0D2-4257-9939-0CE5001781BF}
		{6865F2A8-FCB6-4A0E-9FC4-17DC6FA1CE16} = {5F987959-0CCB-4ADA-8A39-3C515DF67C4D}
		{5F5C1364-B267-4175-96E1-82E1CA5D0E2A} = {5F987959-0CCB-4ADA-8A39-3C515DF67C4D}
		{9ED2B795-C0D2-4257-9939-0CE5001781BF} = {5F987959-0CCB-4ADA-8A39-3C515DF67C4D}
		{66A3C6C9-4771-4DC3-B74E-35769343039B} = {6865F2A8-FCB6-4A0E-9FC4-17DC6FA1CE16}
		{F2615685-C541-4D0C-B44D-939677E2EBDC} = {5F5C1364-B267-4175-96E1-82E1CA5D0E2A}
		{FEA100E0-D1F1-4228-ACE2-052550B7207A} = {9ED2B795-C0D2-4257-9939-0CE5001781BF}
		{B9323313-0353-49F6-B2C6-9FF110CE676B} = {5F987959-0CCB-4ADA-8A39-3C515DF67C4D}
		{CA372DD0-7A8F-4E58-BCB8-B600A4F25930} = {B9323313-0353-49F6-B2C6-9FF110CE676B}
		{A9B30F87-7594-4854-A8D2-07877D140FBA} = {B9323313-0353-49F6-B2C6-9FF110CE676B}
		{61495670-6053-49D8-802D-6060C23B5AC7} = {B9323313-0353-49F6-B2C6-9FF110CE676B}
		{B122F6AA-C40A-47AA-AEB7-397DB8C95269} = {7512D411-5A58-4F35-A02F-FF13B3B07B3F}
		{0FE19488-C0F4-4441-9F85-C31F8A793A46} = {1EA94054-A97A-4E34-A7E1-91763208BF7E}
		{910FFB82-2856-4547-AF60-27B172E9437C} = {1EA94054-A97A-4E34-A7E1-91763208BF7E}
		{38B2D8C8-A5FC-4C3C-BA57-7E1E8742F965} = {5F987959-0CCB-4ADA-8A39-3C515DF67C4D}
		{A239C707-1EB8-403C-BDAF-164A15A22D90} = {38B2D8C8-A5FC-4C3C-BA57-7E1E8742F965}
		{98280E3A-851D-4204-BFA2-6FBCD9EC7D99} = {38B2D8C8-A5FC-4C3C-BA57-7E1E8742F965}
		{C59B967B-A86C-4FFE-AB32-C2FDF53004E5} = {38B2D8C8-A5FC-4C3C-BA57-7E1E8742F965}
	EndGlobalSection
	GlobalSection(ExtensibilityGlobals) = postSolution
		SolutionGuid = {5BF0D71B-7A53-4334-BF4C-D948A07FD9E9}
	EndGlobalSection
EndGlobal
